
Microsoft Visual Studio Solution File, Format Version 12.00
# Visual Studio Version 16
VisualStudioVersion = 16.0.30204.135
MinimumVisualStudioVersion = 10.0.40219.1
Project("{FAE04EC0-301F-11D3-BF4B-00C04F79EFBC}") = "ByteBank", "ByteBank\ByteBank.csproj", "{FB090DA7-379C-4B05-97ED-E1F077F62E30}"
EndProject
Project("{FAE04EC0-301F-11D3-BF4B-00C04F79EFBC}") = "ByteBank2", "ByteBank2\ByteBank2.csproj", "{B2394DF8-5DEB-4136-871A-2145CB452BD2}"
EndProject
Project("{FAE04EC0-301F-11D3-BF4B-00C04F79EFBC}") = "ByteBank3", "ByteBank3\ByteBank3.csproj", "{098399C2-BC27-45CB-BB06-383F835E3C27}"
EndProject
Project("{FAE04EC0-301F-11D3-BF4B-00C04F79EFBC}") = "ByteBank4", "ByteBank4\ByteBank4.csproj", "{F69B266E-9DAD-46B0-B67C-63AD83D3DEC6}"
EndProject
Project("{FAE04EC0-301F-11D3-BF4B-00C04F79EFBC}") = "ByteBank5", "ByteBank5\ByteBank5.csproj", "{3F070A68-CA92-4187-A30B-5716E026851A}"
EndProject
Project("{FAE04EC0-301F-11D3-BF4B-00C04F79EFBC}") = "ByteBank6", "ByteBank6\ByteBank6.csproj", "{D791B39F-2BF6-4D52-A501-7D29BCFC649A}"
EndProject
Global
	GlobalSection(SolutionConfigurationPlatforms) = preSolution
		Debug|Any CPU = Debug|Any CPU
		Release|Any CPU = Release|Any CPU
	EndGlobalSection
	GlobalSection(ProjectConfigurationPlatforms) = postSolution
		{FB090DA7-379C-4B05-97ED-E1F077F62E30}.Debug|Any CPU.ActiveCfg = Debug|Any CPU
		{FB090DA7-379C-4B05-97ED-E1F077F62E30}.Debug|Any CPU.Build.0 = Debug|Any CPU
		{FB090DA7-379C-4B05-97ED-E1F077F62E30}.Release|Any CPU.ActiveCfg = Release|Any CPU
		{FB090DA7-379C-4B05-97ED-E1F077F62E30}.Release|Any CPU.Build.0 = Release|Any CPU
		{B2394DF8-5DEB-4136-871A-2145CB452BD2}.Debug|Any CPU.ActiveCfg = Debug|Any CPU
		{B2394DF8-5DEB-4136-871A-2145CB452BD2}.Debug|Any CPU.Build.0 = Debug|Any CPU
		{B2394DF8-5DEB-4136-871A-2145CB452BD2}.Release|Any CPU.ActiveCfg = Release|Any CPU
		{B2394DF8-5DEB-4136-871A-2145CB452BD2}.Release|Any CPU.Build.0 = Release|Any CPU
		{098399C2-BC27-45CB-BB06-383F835E3C27}.Debug|Any CPU.ActiveCfg = Debug|Any CPU
		{098399C2-BC27-45CB-BB06-383F835E3C27}.Debug|Any CPU.Build.0 = Debug|Any CPU
		{098399C2-BC27-45CB-BB06-383F835E3C27}.Release|Any CPU.ActiveCfg = Release|Any CPU
		{098399C2-BC27-45CB-BB06-383F835E3C27}.Release|Any CPU.Build.0 = Release|Any CPU
		{F69B266E-9DAD-46B0-B67C-63AD83D3DEC6}.Debug|Any CPU.ActiveCfg = Debug|Any CPU
		{F69B266E-9DAD-46B0-B67C-63AD83D3DEC6}.Debug|Any CPU.Build.0 = Debug|Any CPU
		{F69B266E-9DAD-46B0-B67C-63AD83D3DEC6}.Release|Any CPU.ActiveCfg = Release|Any CPU
		{F69B266E-9DAD-46B0-B67C-63AD83D3DEC6}.Release|Any CPU.Build.0 = Release|Any CPU
		{3F070A68-CA92-4187-A30B-5716E026851A}.Debug|Any CPU.ActiveCfg = Debug|Any CPU
		{3F070A68-CA92-4187-A30B-5716E026851A}.Debug|Any CPU.Build.0 = Debug|Any CPU
		{3F070A68-CA92-4187-A30B-5716E026851A}.Release|Any CPU.ActiveCfg = Release|Any CPU
		{3F070A68-CA92-4187-A30B-5716E026851A}.Release|Any CPU.Build.0 = Release|Any CPU
		{D791B39F-2BF6-4D52-A501-7D29BCFC649A}.Debug|Any CPU.ActiveCfg = Debug|Any CPU
		{D791B39F-2BF6-4D52-A501-7D29BCFC649A}.Debug|Any CPU.Build.0 = Debug|Any CPU
		{D791B39F-2BF6-4D52-A501-7D29BCFC649A}.Release|Any CPU.ActiveCfg = Release|Any CPU
		{D791B39F-2BF6-4D52-A501-7D29BCFC649A}.Release|Any CPU.Build.0 = Release|Any CPU
	EndGlobalSection
	GlobalSection(SolutionProperties) = preSolution
		HideSolutionNode = FALSE
	EndGlobalSection
	GlobalSection(ExtensibilityGlobals) = postSolution
		SolutionGuid = {327F9035-EEB2-46E8-9349-7CA81414B85F}
	EndGlobalSection
EndGlobal
